PODS:
  - Alamofire (5.1.0)
  - GCDWebServer (3.5.4):
    - GCDWebServer/Core (= 3.5.4)
  - GCDWebServer/Core (3.5.4)
  - MASShortcut (2.4.0)

DEPENDENCIES:
  - Alamofire (= 5.1.0)
  - GCDWebServer
  - MASShortcut

SPEC REPOS:
  https://github.com/CocoaPods/Specs.git:
    - Alamofire
    - GCDWebServer
    - MASShortcut

SPEC CHECKSUMS:
  Alamofire: 9d5c5f602928e512395b30950c5984eca840093c
  GCDWebServer: 2c156a56c8226e2d5c0c3f208a3621ccffbe3ce4
  MASShortcut: d9e4909e878661cc42877cc9d6efbe638273ab57

PODFILE CHECKSUM: e19c30f26868c685e4d8d58f65f36caa4f28468c

COCOAPODS: 1.10.2
